// !$*UTF8*$!
{
	archiveVersion = 1;
	classes = {
	};
	objectVersion = 55;
	objects = {

/* Begin PBXBuildFile section */
		A00504B528337A3A00D482BC /* AppDelegate.swift in Sources */ = {isa = PBXBuildFile; fileRef = A00504B428337A3A00D482BC /* AppDelegate.swift */; };
		A00504B728337A3A00D482BC /* SceneDelegate.swift in Sources */ = {isa = PBXBuildFile; fileRef = A00504B628337A3A00D482BC /* SceneDelegate.swift */; };
		A00504B928337A3A00D482BC /* ViewController.swift in Sources */ = {isa = PBXBuildFile; fileRef = A00504B828337A3A00D482BC /* ViewController.swift */; };
		A00504BC28337A3A00D482BC /* Main.storyboard in Resources */ = {isa = PBXBuildFile; fileRef = A00504BA28337A3A00D482BC /* Main.storyboard */; };
		A00504BE28337A3B00D482BC /* Assets.xcassets in Resources */ = {isa = PBXBuildFile; fileRef = A00504BD28337A3B00D482BC /* Assets.xcassets */; };
		A00504C128337A3B00D482BC /* LaunchScreen.storyboard in Resources */ = {isa = PBXBuildFile; fileRef = A00504BF28337A3B00D482BC /* LaunchScreen.storyboard */; };
		A00504CA28337A7900D482BC /* AmityUIKit.framework in Frameworks */ = {isa = PBXBuildFile; fileRef = A00504C928337A7900D482BC /* AmityUIKit.framework */; };
		A00504CB28337A7900D482BC /* AmityUIKit.framework in Embed Frameworks */ = {isa = PBXBuildFile; fileRef = A00504C928337A7900D482BC /* AmityUIKit.framework */; settings = {ATTRIBUTES = (CodeSignOnCopy, RemoveHeadersOnCopy, ); }; };
		A00504CE28337A8A00D482BC /* AmitySDK.xcframework in Frameworks */ = {isa = PBXBuildFile; fileRef = A00504CD28337A8A00D482BC /* AmitySDK.xcframework */; };
		A00504CF28337A8A00D482BC /* AmitySDK.xcframework in Embed Frameworks */ = {isa = PBXBuildFile; fileRef = A00504CD28337A8A00D482BC /* AmitySDK.xcframework */; settings = {ATTRIBUTES = (CodeSignOnCopy, RemoveHeadersOnCopy, ); }; };
		A00504D128337A8E00D482BC /* Realm.xcframework in Frameworks */ = {isa = PBXBuildFile; fileRef = A00504D028337A8E00D482BC /* Realm.xcframework */; };
		A00504D228337A8E00D482BC /* Realm.xcframework in Embed Frameworks */ = {isa = PBXBuildFile; fileRef = A00504D028337A8E00D482BC /* Realm.xcframework */; settings = {ATTRIBUTES = (CodeSignOnCopy, RemoveHeadersOnCopy, ); }; };
/* End PBXBuildFile section */

/* Begin PBXCopyFilesBuildPhase section */
		A00504CC28337A7900D482BC /* Embed Frameworks */ = {
			isa = PBXCopyFilesBuildPhase;
			buildActionMask = 2147483647;
			dstPath = "";
			dstSubfolderSpec = 10;
			files = (
				A00504CB28337A7900D482BC /* AmityUIKit.framework in Embed Frameworks */,
				A00504CF28337A8A00D482BC /* AmitySDK.xcframework in Embed Frameworks */,
				A00504D228337A8E00D482BC /* Realm.xcframework in Embed Frameworks */,
			);
			name = "Embed Frameworks";
			runOnlyForDeploymentPostprocessing = 0;
		};
/* End PBXCopyFilesBuildPhase section */

/* Begin PBXFileReference section */
		A00504B128337A3A00D482BC /* my-app-test-qrwqfgqwqw.app */ = {isa = PBXFileReference; explicitFileType = wrapper.application; includeInIndex = 0; path = "my-app-test-qrwqfgqwqw.app"; sourceTree = BUILT_PRODUCTS_DIR; };
		A00504B428337A3A00D482BC /* AppDelegate.swift */ = {isa = PBXFileReference; lastKnownFileType = sourcecode.swift; path = AppDelegate.swift; sourceTree = "<group>"; };
		A00504B628337A3A00D482BC /* SceneDelegate.swift */ = {isa = PBXFileReference; lastKnownFileType = sourcecode.swift; path = SceneDelegate.swift; sourceTree = "<group>"; };
		A00504B828337A3A00D482BC /* ViewController.swift */ = {isa = PBXFileReference; lastKnownFileType = sourcecode.swift; path = ViewController.swift; sourceTree = "<group>"; };
		A00504BB28337A3A00D482BC /* Base */ = {isa = PBXFileReference; lastKnownFileType = file.storyboard; name = Base; path = Base.lproj/Main.storyboard; sourceTree = "<group>"; };
		A00504BD28337A3B00D482BC /* Assets.xcassets */ = {isa = PBXFileReference; lastKnownFileType = folder.assetcatalog; path = Assets.xcassets; sourceTree = "<group>"; };
		A00504C028337A3B00D482BC /* Base */ = {isa = PBXFileReference; lastKnownFileType = file.storyboard; name = Base; path = Base.lproj/LaunchScreen.storyboard; sourceTree = "<group>"; };
		A00504C228337A3B00D482BC /* Info.plist */ = {isa = PBXFileReference; lastKnownFileType = text.plist.xml; path = Info.plist; sourceTree = "<group>"; };
		A00504C928337A7900D482BC /* AmityUIKit.framework */ = {isa = PBXFileReference; explicitFileType = wrapper.framework; path = AmityUIKit.framework; sourceTree = BUILT_PRODUCTS_DIR; };
		A00504CD28337A8A00D482BC /* AmitySDK.xcframework */ = {isa = PBXFileReference; lastKnownFileType = wrapper.xcframework; name = AmitySDK.xcframework; path = "../Amity-Social-Cloud-UIKit-iOS-OpenSource/UpstraUIKit/Shared/AmitySDK.xcframework"; sourceTree = "<group>"; };
		A00504D028337A8E00D482BC /* Realm.xcframework */ = {isa = PBXFileReference; lastKnownFileType = wrapper.xcframework; name = Realm.xcframework; path = "../Amity-Social-Cloud-UIKit-iOS-OpenSource/UpstraUIKit/Shared/Realm.xcframework"; sourceTree = "<group>"; };
/* End PBXFileReference section */

/* Begin PBXFrameworksBuildPhase section */
		A00504AE28337A3A00D482BC /* Frameworks */ = {
			isa = PBXFrameworksBuildPhase;
			buildActionMask = 2147483647;
			files = (
				A00504CA28337A7900D482BC /* AmityUIKit.framework in Frameworks */,
				A00504CE28337A8A00D482BC /* AmitySDK.xcframework in Frameworks */,
				A00504D128337A8E00D482BC /* Realm.xcframework in Frameworks */,
			);
			runOnlyForDeploymentPostprocessing = 0;
		};
/* End PBXFrameworksBuildPhase section */

/* Begin PBXGroup section */
		A00504A828337A3A00D482BC = {
			isa = PBXGroup;
			children = (
				A00504B328337A3A00D482BC /* my-app-test-qrwqfgqwqw */,
				A00504B228337A3A00D482BC /* Products */,
				A00504C828337A7900D482BC /* Frameworks */,
			);
			sourceTree = "<group>";
		};
		A00504B228337A3A00D482BC /* Products */ = {
			isa = PBXGroup;
			children = (
				A00504B128337A3A00D482BC /* my-app-test-qrwqfgqwqw.app */,
			);
			name = Products;
			sourceTree = "<group>";
		};
		A00504B328337A3A00D482BC /* my-app-test-qrwqfgqwqw */ = {
			isa = PBXGroup;
			children = (
				A00504B428337A3A00D482BC /* AppDelegate.swift */,
				A00504B628337A3A00D482BC /* SceneDelegate.swift */,
				A00504B828337A3A00D482BC /* ViewController.swift */,
				A00504BA28337A3A00D482BC /* Main.storyboard */,
				A00504BD28337A3B00D482BC /* Assets.xcassets */,
				A00504BF28337A3B00D482BC /* LaunchScreen.storyboard */,
				A00504C228337A3B00D482BC /* Info.plist */,
			);
			path = "my-app-test-qrwqfgqwqw";
			sourceTree = "<group>";
		};
		A00504C828337A7900D482BC /* Frameworks */ = {
			isa = PBXGroup;
			children = (
				A00504D028337A8E00D482BC /* Realm.xcframework */,
				A00504CD28337A8A00D482BC /* AmitySDK.xcframework */,
				A00504C928337A7900D482BC /* AmityUIKit.framework */,
			);
			name = Frameworks;
			sourceTree = "<group>";
		};
/* End PBXGroup section */

/* Begin PBXNativeTarget section */
		A00504B028337A3A00D482BC /* my-app-test-qrwqfgqwqw */ = {
			isa = PBXNativeTarget;
			buildConfigurationList = A00504C528337A3B00D482BC /* Build configuration list for PBXNativeTarget "my-app-test-qrwqfgqwqw" */;
			buildPhases = (
				A00504AD28337A3A00D482BC /* Sources */,
				A00504AE28337A3A00D482BC /* Frameworks */,
				A00504AF28337A3A00D482BC /* Resources */,
				A00504CC28337A7900D482BC /* Embed Frameworks */,
			);
			buildRules = (
			);
			dependencies = (
			);
			name = "my-app-test-qrwqfgqwqw";
			productName = "my-app-test-qrwqfgqwqw";
			productReference = A00504B128337A3A00D482BC /* my-app-test-qrwqfgqwqw.app */;
			productType = "com.apple.product-type.application";
		};
/* End PBXNativeTarget section */

/* Begin PBXProject section */
		A00504A928337A3A00D482BC /* Project object */ = {
			isa = PBXProject;
			attributes = {
				BuildIndependentTargetsInParallel = 1;
				LastSwiftUpdateCheck = 1320;
				LastUpgradeCheck = 1320;
				TargetAttributes = {
					A00504B028337A3A00D482BC = {
						CreatedOnToolsVersion = 13.2.1;
					};
				};
			};
			buildConfigurationList = A00504AC28337A3A00D482BC /* Build configuration list for PBXProject "my-app-test-qrwqfgqwqw" */;
			compatibilityVersion = "Xcode 13.0";
			developmentRegion = en;
			hasScannedForEncodings = 0;
			knownRegions = (
				en,
				Base,
			);
			mainGroup = A00504A828337A3A00D482BC;
			productRefGroup = A00504B228337A3A00D482BC /* Products */;
			projectDirPath = "";
			projectRoot = "";
			targets = (
				A00504B028337A3A00D482BC /* my-app-test-qrwqfgqwqw */,
			);
		};
/* End PBXProject section */

/* Begin PBXResourcesBuildPhase section */
		A00504AF28337A3A00D482BC /* Resources */ = {
			isa = PBXResourcesBuildPhase;
			buildActionMask = 2147483647;
			files = (
				A00504C128337A3B00D482BC /* LaunchScreen.storyboard in Resources */,
				A00504BE28337A3B00D482BC /* Assets.xcassets in Resources */,
				A00504BC28337A3A00D482BC /* Main.storyboard in Resources */,
			);
			runOnlyForDeploymentPostprocessing = 0;
		};
/* End PBXResourcesBuildPhase section */

/* Begin PBXSourcesBuildPhase section */
		A00504AD28337A3A00D482BC /* Sources */ = {
			isa = PBXSourcesBuildPhase;
			buildActionMask = 2147483647;
			files = (
				A00504B928337A3A00D482BC /* ViewController.swift in Sources */,
				A00504B528337A3A00D482BC /* AppDelegate.swift in Sources */,
				A00504B728337A3A00D482BC /* SceneDelegate.swift in Sources */,
			);
			runOnlyForDeploymentPostprocessing = 0;
		};
/* End PBXSourcesBuildPhase section */

/* Begin PBXVariantGroup section */
		A00504BA28337A3A00D482BC /* Main.storyboard */ = {
			isa = PBXVariantGroup;
			children = (
				A00504BB28337A3A00D482BC /* Base */,
			);
			name = Main.storyboard;
			sourceTree = "<group>";
		};
		A00504BF28337A3B00D482BC /* LaunchScreen.storyboard */ = {
			isa = PBXVariantGroup;
			children = (
				A00504C028337A3B00D482BC /* Base */,
			);
			name = LaunchScreen.storyboard;
			sourceTree = "<group>";
		};
/* End PBXVariantGroup section */

/* Begin XCBuildConfiguration section */
		A00504C328337A3B00D482BC /* Debug */ = {
			isa = XCBuildConfiguration;
			buildSettings = {
				ALWAYS_SEARCH_USER_PATHS = NO;
				CLANG_ANALYZER_NONNULL = YES;
				CLANG_ANALYZER_NUMBER_OBJECT_CONVERSION = YES_AGGRESSIVE;
				CLANG_CXX_LANGUAGE_STANDARD = "gnu++17";
				CLANG_CXX_LIBRARY = "libc++";
				CLANG_ENABLE_MODULES = YES;
				CLANG_ENABLE_OBJC_ARC = YES;
				CLANG_ENABLE_OBJC_WEAK = YES;
				CLANG_WARN_BLOCK_CAPTURE_AUTORELEASING = YES;
				CLANG_WARN_BOOL_CONVERSION = YES;
				CLANG_WARN_COMMA = YES;
				CLANG_WARN_CONSTANT_CONVERSION = YES;
				CLANG_WARN_DEPRECATED_OBJC_IMPLEMENTATIONS = YES;
				CLANG_WARN_DIRECT_OBJC_ISA_USAGE = YES_ERROR;
				CLANG_WARN_DOCUMENTATION_COMMENTS = YES;
				CLANG_WARN_EMPTY_BODY = YES;
				CLANG_WARN_ENUM_CONVERSION = YES;
				CLANG_WARN_INFINITE_RECURSION = YES;
				CLANG_WARN_INT_CONVERSION = YES;
				CLANG_WARN_NON_LITERAL_NULL_CONVERSION = YES;
				CLANG_WARN_OBJC_IMPLICIT_RETAIN_SELF = YES;
				CLANG_WARN_OBJC_LITERAL_CONVERSION = YES;
				CLANG_WARN_OBJC_ROOT_CLASS = YES_ERROR;
				CLANG_WARN_QUOTED_INCLUDE_IN_FRAMEWORK_HEADER = YES;
				CLANG_WARN_RANGE_LOOP_ANALYSIS = YES;
				CLANG_WARN_STRICT_PROTOTYPES = YES;
				CLANG_WARN_SUSPICIOUS_MOVE = YES;
				CLANG_WARN_UNGUARDED_AVAILABILITY = YES_AGGRESSIVE;
				CLANG_WARN_UNREACHABLE_CODE = YES;
				CLANG_WARN__DUPLICATE_METHOD_MATCH = YES;
				COPY_PHASE_STRIP = NO;
				DEBUG_INFORMATION_FORMAT = dwarf;
				ENABLE_STRICT_OBJC_MSGSEND = YES;
				ENABLE_TESTABILITY = YES;
				GCC_C_LANGUAGE_STANDARD = gnu11;
				GCC_DYNAMIC_NO_PIC = NO;
				GCC_NO_COMMON_BLOCKS = YES;
				GCC_OPTIMIZATION_LEVEL = 0;
				GCC_PREPROCESSOR_DEFINITIONS = (
					"DEBUG=1",
					"$(inherited)",
				);
				GCC_WARN_64_TO_32_BIT_CONVERSION = YES;
				GCC_WARN_ABOUT_RETURN_TYPE = YES_ERROR;
				GCC_WARN_UNDECLARED_SELECTOR = YES;
				GCC_WARN_UNINITIALIZED_AUTOS = YES_AGGRESSIVE;
				GCC_WARN_UNUSED_FUNCTION = YES;
				GCC_WARN_UNUSED_VARIABLE = YES;
				IPHONEOS_DEPLOYMENT_TARGET = 15.2;
				MTL_ENABLE_DEBUG_INFO = INCLUDE_SOURCE;
				MTL_FAST_MATH = YES;
				ONLY_ACTIVE_ARCH = YES;
				SDKROOT = iphoneos;
				SWIFT_ACTIVE_COMPILATION_CONDITIONS = DEBUG;
				SWIFT_OPTIMIZATION_LEVEL = "-Onone";
			};
			name = Debug;
		};
		A00504C428337A3B00D482BC /* Release */ = {
			isa = XCBuildConfiguration;
			buildSettings = {
				ALWAYS_SEARCH_USER_PATHS = NO;
				CLANG_ANALYZER_NONNULL = YES;
				CLANG_ANALYZER_NUMBER_OBJECT_CONVERSION = YES_AGGRESSIVE;
				CLANG_CXX_LANGUAGE_STANDARD = "gnu++17";
				CLANG_CXX_LIBRARY = "libc++";
				CLANG_ENABLE_MODULES = YES;
				CLANG_ENABLE_OBJC_ARC = YES;
				CLANG_ENABLE_OBJC_WEAK = YES;
				CLANG_WARN_BLOCK_CAPTURE_AUTORELEASING = YES;
				CLANG_WARN_BOOL_CONVERSION = YES;
				CLANG_WARN_COMMA = YES;
				CLANG_WARN_CONSTANT_CONVERSION = YES;
				CLANG_WARN_DEPRECATED_OBJC_IMPLEMENTATIONS = YES;
				CLANG_WARN_DIRECT_OBJC_ISA_USAGE = YES_ERROR;
				CLANG_WARN_DOCUMENTATION_COMMENTS = YES;
				CLANG_WARN_EMPTY_BODY = YES;
				CLANG_WARN_ENUM_CONVERSION = YES;
				CLANG_WARN_INFINITE_RECURSION = YES;
				CLANG_WARN_INT_CONVERSION = YES;
				CLANG_WARN_NON_LITERAL_NULL_CONVERSION = YES;
				CLANG_WARN_OBJC_IMPLICIT_RETAIN_SELF = YES;
				CLANG_WARN_OBJC_LITERAL_CONVERSION = YES;
				CLANG_WARN_OBJC_ROOT_CLASS = YES_ERROR;
				CLANG_WARN_QUOTED_INCLUDE_IN_FRAMEWORK_HEADER = YES;
				CLANG_WARN_RANGE_LOOP_ANALYSIS = YES;
				CLANG_WARN_STRICT_PROTOTYPES = YES;
				CLANG_WARN_SUSPICIOUS_MOVE = YES;
				CLANG_WARN_UNGUARDED_AVAILABILITY = YES_AGGRESSIVE;
				CLANG_WARN_UNREACHABLE_CODE = YES;
				CLANG_WARN__DUPLICATE_METHOD_MATCH = YES;
				COPY_PHASE_STRIP = NO;
				DEBUG_INFORMATION_FORMAT = "dwarf-with-dsym";
				ENABLE_NS_ASSERTIONS = NO;
				ENABLE_STRICT_OBJC_MSGSEND = YES;
				GCC_C_LANGUAGE_STANDARD = gnu11;
				GCC_NO_COMMON_BLOCKS = YES;
				GCC_WARN_64_TO_32_BIT_CONVERSION = YES;
				GCC_WARN_ABOUT_RETURN_TYPE = YES_ERROR;
				GCC_WARN_UNDECLARED_SELECTOR = YES;
				GCC_WARN_UNINITIALIZED_AUTOS = YES_AGGRESSIVE;
				GCC_WARN_UNUSED_FUNCTION = YES;
				GCC_WARN_UNUSED_VARIABLE = YES;
				IPHONEOS_DEPLOYMENT_TARGET = 15.2;
				MTL_ENABLE_DEBUG_INFO = NO;
				MTL_FAST_MATH = YES;
				SDKROOT = iphoneos;
				SWIFT_COMPILATION_MODE = wholemodule;
				SWIFT_OPTIMIZATION_LEVEL = "-O";
				VALIDATE_PRODUCT = YES;
			};
			name = Release;
		};
		A00504C628337A3B00D482BC /* Debug */ = {
			isa = XCBuildConfiguration;
			buildSettings = {
				ASSETCATALOG_COMPILER_APPICON_NAME = AppIcon;
				ASSETCATALOG_COMPILER_GLOBAL_ACCENT_COLOR_NAME = AccentColor;
				CODE_SIGN_STYLE = Automatic;
				CURRENT_PROJECT_VERSION = 1;
				DEVELOPMENT_TEAM = 37Z583JR6K;
				GENERATE_INFOPLIST_FILE = YES;
				INFOPLIST_FILE = "my-app-test-qrwqfgqwqw/Info.plist";
				INFOPLIST_KEY_UIApplicationSupportsIndirectInputEvents = YES;
				INFOPLIST_KEY_UILaunchStoryboardName = LaunchScreen;
				INFOPLIST_KEY_UIMainStoryboardFile = Main;
				INFOPLIST_KEY_UISupportedInterfaceOrientations_iPad = "UIInterfaceOrientationPortrait UIInterfaceOrientationPortraitUpsideDown UIInterfaceOrientationLandscapeLeft UIInterfaceOrientationLandscapeRight";
				INFOPLIST_KEY_UISupportedInterfaceOrientations_iPhone = "UIInterfaceOrientationPortrait UIInterfaceOrientationLandscapeLeft UIInterfaceOrientationLandscapeRight";
				LD_RUNPATH_SEARCH_PATHS = (
					"$(inherited)",
					"@executable_path/Frameworks",
				);
				MARKETING_VERSION = 1.0;
				PRODUCT_BUNDLE_IDENTIFIER = "co.amity.my-app-test-qrwqfgqwqw";
				PRODUCT_NAME = "$(TARGET_NAME)";
				SWIFT_EMIT_LOC_STRINGS = YES;
				SWIFT_VERSION = 5.0;
				TARGETED_DEVICE_FAMILY = "1,2";
			};
			name = Debug;
		};
		A00504C728337A3B00D482BC /* Release */ = {
			isa = XCBuildConfiguration;
			buildSettings = {
				ASSETCATALOG_COMPILER_APPICON_NAME = AppIcon;
				ASSETCATALOG_COMPILER_GLOBAL_ACCENT_COLOR_NAME = AccentColor;
				CODE_SIGN_STYLE = Automatic;
				CURRENT_PROJECT_VERSION = 1;
				DEVELOPMENT_TEAM = 37Z583JR6K;
				GENERATE_INFOPLIST_FILE = YES;
				INFOPLIST_FILE = "my-app-test-qrwqfgqwqw/Info.plist";
				INFOPLIST_KEY_UIApplicationSupportsIndirectInputEvents = YES;
				INFOPLIST_KEY_UILaunchStoryboardName = LaunchScreen;
				INFOPLIST_KEY_UIMainStoryboardFile = Main;
				INFOPLIST_KEY_UISupportedInterfaceOrientations_iPad = "UIInterfaceOrientationPortrait UIInterfaceOrientationPortraitUpsideDown UIInterfaceOrientationLandscapeLeft UIInterfaceOrientationLandscapeRight";
				INFOPLIST_KEY_UISupportedInterfaceOrientations_iPhone = "UIInterfaceOrientationPortrait UIInterfaceOrientationLandscapeLeft UIInterfaceOrientationLandscapeRight";
				LD_RUNPATH_SEARCH_PATHS = (
					"$(inherited)",
					"@executable_path/Frameworks",
				);
				MARKETING_VERSION = 1.0;
				PRODUCT_BUNDLE_IDENTIFIER = "co.amity.my-app-test-qrwqfgqwqw";
				PRODUCT_NAME = "$(TARGET_NAME)";
				SWIFT_EMIT_LOC_STRINGS = YES;
				SWIFT_VERSION = 5.0;
				TARGETED_DEVICE_FAMILY = "1,2";
			};
			name = Release;
		};
/* End XCBuildConfiguration section */

/* Begin XCConfigurationList section */
		A00504AC28337A3A00D482BC /* Build configuration list for PBXProject "my-app-test-qrwqfgqwqw" */ = {
			isa = XCConfigurationList;
			buildConfigurations = (
				A00504C328337A3B00D482BC /* Debug */,
				A00504C428337A3B00D482BC /* Release */,
			);
			defaultConfigurationIsVisible = 0;
			defaultConfigurationName = Release;
		};
		A00504C528337A3B00D482BC /* Build configuration list for PBXNativeTarget "my-app-test-qrwqfgqwqw" */ = {
			isa = XCConfigurationList;
			buildConfigurations = (
				A00504C628337A3B00D482BC /* Debug */,
				A00504C728337A3B00D482BC /* Release */,
			);
			defaultConfigurationIsVisible = 0;
			defaultConfigurationName = Release;
		};
/* End XCConfigurationList section */
	};
	rootObject = A00504A928337A3A00D482BC /* Project object */;
}
